{
  "name": "grpc-edge-gateway",
  "version": "0.0.1",
  "lockfileVersion": 3,
  "requires": true,
  "packages": {
    "": {
      "name": "grpc-edge-gateway",
      "version": "0.0.1",
      "license": "MIT",
      "dependencies": {
        "@bufbuild/connect": "^0.11.0"
      }
    },
    "node_modules/@bufbuild/connect": {
      "version": "0.11.0",
      "resolved": "https://registry.npmjs.org/@bufbuild/connect/-/connect-0.11.0.tgz",
      "integrity": "sha512-a6hrNtBzDzj4hpqylPqpJfMpIP4+O/SnszGgOuRzcuifpTvkwjSmVHLtcvkUYh0wpvjYB0CFmTYzrvAMOftbHw==",
      "peerDependencies": {
        "@bufbuild/protobuf": "^1.2.1"
      }
    },
    "node_modules/@bufbuild/protobuf": {
      "version": "1.2.1",
      "resolved": "https://registry.npmjs.org/@bufbuild/protobuf/-/protobuf-1.2.1.tgz",
      "integrity": "sha512-cwwGvLGqvoaOZmoP5+i4v/rbW+rHkguvTehuZyM2p/xpmaNSdT2h3B7kHw33aiffv35t1XrYHIkdJSEkSEMJuA==",
      "peer": true
    }
  }
}
